
Microsoft Visual Studio Solution File, Format Version 12.00
# Visual Studio 14
VisualStudioVersion = 14.0.24720.0
MinimumVisualStudioVersion = 10.0.40219.1
Project("{FAE04EC0-301F-11D3-BF4B-00C04F79EFBC}") = "WebApplication", "WebApplication\WebApplication.csproj", "{65970809-C326-4B20-BCF9-153A7B06DCDB}"
EndProject
Project("{FAE04EC0-301F-11D3-BF4B-00C04F79EFBC}") = "DomainModel", "DomainModel\DomainModel.csproj", "{206DFEF8-1465-4795-85A3-03B54E1430BC}"
EndProject
Project("{FAE04EC0-301F-11D3-BF4B-00C04F79EFBC}") = "DataAccessLayer", "DataAccessLayer\DataAccessLayer.csproj", "{5037C50A-B0E3-44B8-A9F9-E9EC0A031648}"
EndProject
Project("{FAE04EC0-301F-11D3-BF4B-00C04F79EFBC}") = "MySqlDatabase", "MySqlDatabase\MySqlDatabase.csproj", "{A5E04D4E-6EE4-4167-8587-6E8518E7C8BD}"
EndProject
Global
	GlobalSection(SolutionConfigurationPlatforms) = preSolution
		Debug|Any CPU = Debug|Any CPU
		Release|Any CPU = Release|Any CPU
	EndGlobalSection
	GlobalSection(ProjectConfigurationPlatforms) = postSolution
		{65970809-C326-4B20-BCF9-153A7B06DCDB}.Debug|Any CPU.ActiveCfg = Debug|Any CPU
		{65970809-C326-4B20-BCF9-153A7B06DCDB}.Debug|Any CPU.Build.0 = Debug|Any CPU
		{65970809-C326-4B20-BCF9-153A7B06DCDB}.Release|Any CPU.ActiveCfg = Release|Any CPU
		{65970809-C326-4B20-BCF9-153A7B06DCDB}.Release|Any CPU.Build.0 = Release|Any CPU
		{206DFEF8-1465-4795-85A3-03B54E1430BC}.Debug|Any CPU.ActiveCfg = Debug|Any CPU
		{206DFEF8-1465-4795-85A3-03B54E1430BC}.Debug|Any CPU.Build.0 = Debug|Any CPU
		{206DFEF8-1465-4795-85A3-03B54E1430BC}.Release|Any CPU.ActiveCfg = Release|Any CPU
		{206DFEF8-1465-4795-85A3-03B54E1430BC}.Release|Any CPU.Build.0 = Release|Any CPU
		{5037C50A-B0E3-44B8-A9F9-E9EC0A031648}.Debug|Any CPU.ActiveCfg = Debug|Any CPU
		{5037C50A-B0E3-44B8-A9F9-E9EC0A031648}.Debug|Any CPU.Build.0 = Debug|Any CPU
		{5037C50A-B0E3-44B8-A9F9-E9EC0A031648}.Release|Any CPU.ActiveCfg = Release|Any CPU
		{5037C50A-B0E3-44B8-A9F9-E9EC0A031648}.Release|Any CPU.Build.0 = Release|Any CPU
		{A5E04D4E-6EE4-4167-8587-6E8518E7C8BD}.Debug|Any CPU.ActiveCfg = Debug|Any CPU
		{A5E04D4E-6EE4-4167-8587-6E8518E7C8BD}.Debug|Any CPU.Build.0 = Debug|Any CPU
		{A5E04D4E-6EE4-4167-8587-6E8518E7C8BD}.Release|Any CPU.ActiveCfg = Release|Any CPU
		{A5E04D4E-6EE4-4167-8587-6E8518E7C8BD}.Release|Any CPU.Build.0 = Release|Any CPU
	EndGlobalSection
	GlobalSection(SolutionProperties) = preSolution
		HideSolutionNode = FALSE
	EndGlobalSection
EndGlobal
